
Microsoft Visual Studio Solution File, Format Version 12.00
# Visual Studio Version 16
VisualStudioVersion = 16.0.29020.237
MinimumVisualStudioVersion = 10.0.40219.1
Project("{2150E333-8FDC-42A3-9474-1A3956D46DE8}") = "Api", "Api", "{1F67A1CE-1794-4F80-BC25-BA6566D84C8D}"
EndProject
Project("{2150E333-8FDC-42A3-9474-1A3956D46DE8}") = "UI", "UI", "{EB0DB2BA-CBEC-41B8-9567-EB44C696B280}"
EndProject
Project("{2150E333-8FDC-42A3-9474-1A3956D46DE8}") = "BackgroundWorker", "BackgroundWorker", "{8175B50E-0B1F-47A9-8E2D-DC841333893C}"
EndProject
Project("{2150E333-8FDC-42A3-9474-1A3956D46DE8}") = "SMSProviderWorker", "SMSProviderWorker", "{4F634171-8F36-4C4D-85C4-78F400B9F5AB}"
EndProject
Project("{2150E333-8FDC-42A3-9474-1A3956D46DE8}") = "DataLayer", "DataLayer", "{C9EE35DC-42B3-406C-9936-F8140B2BD623}"
EndProject
Project("{2150E333-8FDC-42A3-9474-1A3956D46DE8}") = "LibraryAndTools", "LibraryAndTools", "{EAD0646B-BD7E-4CF3-AA62-0D4F51DAEC1F}"
EndProject
Project("{2150E333-8FDC-42A3-9474-1A3956D46DE8}") = "ReadfromDB", "ReadfromDB", "{AA97E6CB-3BE4-4609-B83E-4BED8CC1BFD6}"
EndProject
Project("{FAE04EC0-301F-11D3-BF4B-00C04F79EFBC}") = "Arad.SMS.Gateway.WebApi", "Api\Arad.SMS.Gateway.WebApi\Arad.SMS.Gateway.WebApi.csproj", "{CF41EFB7-952F-4956-8466-502BF9FA5D13}"
EndProject
Project("{FAE04EC0-301F-11D3-BF4B-00C04F79EFBC}") = "Arad.SMS.Gateway.ApiProcessRequest", "BackgroundWorker\Arad.SMS.Gateway.ApiProcessRequest\Arad.SMS.Gateway.ApiProcessRequest.csproj", "{A6D3AA09-7DFC-490D-9025-08FC4BE27ABB}"
EndProject
Project("{FAE04EC0-301F-11D3-BF4B-00C04F79EFBC}") = "Arad.SMS.Gateway.ExportData", "BackgroundWorker\Arad.SMS.Gateway.ExportData\Arad.SMS.Gateway.ExportData.csproj", "{4E08E400-F07E-4C8D-BDA4-460E1225AE05}"
EndProject
Project("{FAE04EC0-301F-11D3-BF4B-00C04F79EFBC}") = "Arad.SMS.Gateway.GetSmsDelivery", "BackgroundWorker\Arad.SMS.Gateway.GetSmsDelivery\Arad.SMS.Gateway.GetSmsDelivery.csproj", "{EF3BCD9E-7A0D-4224-B58C-78BA0F43FB0A}"
EndProject
Project("{FAE04EC0-301F-11D3-BF4B-00C04F79EFBC}") = "Arad.SMS.Gateway.GiveBackCredit", "BackgroundWorker\Arad.SMS.Gateway.GiveBackCredit\Arad.SMS.Gateway.GiveBackCredit.csproj", "{CB27D940-0FBE-48C8-9725-5619DE30FB5B}"
EndProject
Project("{FAE04EC0-301F-11D3-BF4B-00C04F79EFBC}") = "Arad.SMS.Gateway.MessageParser", "BackgroundWorker\Arad.SMS.Gateway.MessageParser\Arad.SMS.Gateway.MessageParser.csproj", "{2D0F6A28-C6BF-40FC-8E14-F28C681E5E39}"
EndProject
Project("{FAE04EC0-301F-11D3-BF4B-00C04F79EFBC}") = "Arad.SMS.Gateway.RegularContent", "BackgroundWorker\Arad.SMS.Gateway.RegularContent\Arad.SMS.Gateway.RegularContent.csproj", "{181B6054-EE36-49ED-A553-40470C78F737}"
EndProject
Project("{FAE04EC0-301F-11D3-BF4B-00C04F79EFBC}") = "Arad.SMS.Gateway.SaveLog", "BackgroundWorker\Arad.SMS.Gateway.SaveLog\Arad.SMS.Gateway.SaveLog.csproj", "{D73D0F2A-52DB-4784-A41E-E218076791F7}"
EndProject
Project("{FAE04EC0-301F-11D3-BF4B-00C04F79EFBC}") = "Arad.SMS.Gateway.SaveSentSms", "BackgroundWorker\Arad.SMS.Gateway.SaveSentSms\Arad.SMS.Gateway.SaveSentSms.csproj", "{87A9C0CC-4BD3-4EFE-A020-2E6A46835E91}"
EndProject
Project("{FAE04EC0-301F-11D3-BF4B-00C04F79EFBC}") = "Arad.SMS.Gateway.SaveSmsDelivery", "BackgroundWorker\Arad.SMS.Gateway.SaveSmsDelivery\Arad.SMS.Gateway.SaveSmsDelivery.csproj", "{642D5163-D220-48F9-91F5-97D2150FAE3A}"
EndProject
Project("{FAE04EC0-301F-11D3-BF4B-00C04F79EFBC}") = "Arad.SMS.Gateway.TerafficRelay", "BackgroundWorker\Arad.SMS.Gateway.TerraficRelay\Arad.SMS.Gateway.TerafficRelay.csproj", "{550196DA-FC77-4ABC-899C-8A548F58EADA}"
EndProject
Project("{FAE04EC0-301F-11D3-BF4B-00C04F79EFBC}") = "Arad.SMS.Gateway.Business", "DataLayer\Arad.SMS.Gateway.Business\Arad.SMS.Gateway.Business.csproj", "{469DF27B-F10E-43FA-B166-FAB252CDC886}"
EndProject
Project("{FAE04EC0-301F-11D3-BF4B-00C04F79EFBC}") = "Arad.SMS.Gateway.Common", "DataLayer\Arad.SMS.Gateway.Common\Arad.SMS.Gateway.Common.csproj", "{E4AB3EC9-FC32-42C9-8741-C1D44F9B802E}"
EndProject
Project("{FAE04EC0-301F-11D3-BF4B-00C04F79EFBC}") = "Arad.SMS.Gateway.DataAccessLayer", "DataLayer\Arad.SMS.Gateway.DataAccessLayer\Arad.SMS.Gateway.DataAccessLayer.csproj", "{5329DD13-1DF1-4019-A71B-4059190BCF56}"
EndProject
Project("{FAE04EC0-301F-11D3-BF4B-00C04F79EFBC}") = "Arad.SMS.Gateway.Facade", "DataLayer\Arad.SMS.Gateway.Facade\Arad.SMS.Gateway.Facade.csproj", "{4563187E-74A0-4619-A187-EFC30E7BFC15}"
EndProject
Project("{FAE04EC0-301F-11D3-BF4B-00C04F79EFBC}") = "Arad.SMS.Gateway.GeneralLibrary", "LibraryAndTools\Arad.SMS.Gateway.GeneralLibrary\Arad.SMS.Gateway.GeneralLibrary.csproj", "{DFE9E9BB-00AA-425A-A5BF-FC0F96E071F8}"
EndProject
Project("{FAE04EC0-301F-11D3-BF4B-00C04F79EFBC}") = "Arad.SMS.Gateway.SqlLibrary", "LibraryAndTools\Arad.SMS.Gateway.SqlLibrary\Arad.SMS.Gateway.SqlLibrary.csproj", "{6C1EEB5D-9401-4739-AF4D-CC832AE899BD}"
EndProject
Project("{FAE04EC0-301F-11D3-BF4B-00C04F79EFBC}") = "Arad.SMS.Gateway.ScheduledBulkSms", "ReadfromDB\Arad.SMS.Gateway.ScheduledBulkSms\Arad.SMS.Gateway.ScheduledBulkSms.csproj", "{790A1418-9E3B-46C3-BA02-4A75D13BF5B2}"
EndProject
Project("{FAE04EC0-301F-11D3-BF4B-00C04F79EFBC}") = "Arad.SMS.Gateway.ScheduledSms", "ReadfromDB\Arad.SMS.Gateway.ScheduledSms\Arad.SMS.Gateway.ScheduledSms.csproj", "{20DD6B46-F40B-4B06-8B8B-0362F44FD177}"
EndProject
Project("{FAE04EC0-301F-11D3-BF4B-00C04F79EFBC}") = "Arad.SMS.Gateway.AradSmsSender", "SMSProviderWorker\Arad.SMS.Gateway.AradSmsSender\Arad.SMS.Gateway.AradSmsSender.csproj", "{6394830F-1496-4F7F-9BB3-C8582E853AF2}"
EndProject
Project("{FAE04EC0-301F-11D3-BF4B-00C04F79EFBC}") = "Arad.SMS.Gateway.MagfaSmsSender", "SMSProviderWorker\Arad.SMS.Gateway.MagfaSmsSender\Arad.SMS.Gateway.MagfaSmsSender.csproj", "{DCD4CBE4-A165-4A7C-8041-6A99E54F0B98}"
EndProject
Project("{FAE04EC0-301F-11D3-BF4B-00C04F79EFBC}") = "Arad.SMS.Gateway.ManageThread", "SMSProviderWorker\Arad.SMS.Gateway.ManageThread\Arad.SMS.Gateway.ManageThread.csproj", "{55B34EC9-E4B5-4884-B259-C4F78B3FFEB7}"
EndProject
Project("{FAE04EC0-301F-11D3-BF4B-00C04F79EFBC}") = "Arad.SMS.Gateway.RahyabPGSmsSender", "SMSProviderWorker\Arad.SMS.Gateway.RahyabPGSmsSender\Arad.SMS.Gateway.RahyabPGSmsSender.csproj", "{6D2DAA49-3908-4522-873A-2392329DED77}"
EndProject
Project("{FAE04EC0-301F-11D3-BF4B-00C04F79EFBC}") = "Arad.SMS.Gateway.RahyabRGSmsSender", "SMSProviderWorker\Arad.SMS.Gateway.RahyabRGSmsSender\Arad.SMS.Gateway.RahyabRGSmsSender.csproj", "{310458BE-483B-4D3B-BE0E-4E11F9AED83C}"
EndProject
Project("{FAE04EC0-301F-11D3-BF4B-00C04F79EFBC}") = "Arad.SMS.Gateway.URLRewriter", "UI\Arad.SMS.Gateway.URLRewriter\Arad.SMS.Gateway.URLRewriter.csproj", "{66A8AD26-8C2D-4E80-8879-1FB69FA8E0E0}"
EndProject
Project("{FAE04EC0-301F-11D3-BF4B-00C04F79EFBC}") = "Arad.SMS.Gateway.Web", "UI\Arad.SMS.Gateway.Web\Arad.SMS.Gateway.Web.csproj", "{8C1FA186-11EE-4950-BBC3-67B3EA912A8E}"
EndProject
Project("{2150E333-8FDC-42A3-9474-1A3956D46DE8}") = "Solution Items", "Solution Items", "{E6D73D09-01D8-43F1-BBD9-F24A9B686010}"
EndProject
Project("{FAE04EC0-301F-11D3-BF4B-00C04F79EFBC}") = "Arad.SMS.Gateway.GeneralTools", "LibraryAndTools\Arad.SMS.Gateway.GeneralTools\Arad.SMS.Gateway.GeneralTools.csproj", "{1DC76DD7-6286-4313-B83D-3ED0847CDA23}"
EndProject
Global
	GlobalSection(SolutionConfigurationPlatforms) = preSolution
		BuildAll|Any CPU = BuildAll|Any CPU
		BuildAll|Mixed Platforms = BuildAll|Mixed Platforms
		BuildAll|x86 = BuildAll|x86
		Debug|Any CPU = Debug|Any CPU
		Debug|Mixed Platforms = Debug|Mixed Platforms
		Debug|x86 = Debug|x86
		Release|Any CPU = Release|Any CPU
		Release|Mixed Platforms = Release|Mixed Platforms
		Release|x86 = Release|x86
	EndGlobalSection
	GlobalSection(ProjectConfigurationPlatforms) = postSolution
		{CF41EFB7-952F-4956-8466-502BF9FA5D13}.BuildAll|Any CPU.ActiveCfg = Debug|Any CPU
		{CF41EFB7-952F-4956-8466-502BF9FA5D13}.BuildAll|Any CPU.Build.0 = Debug|Any CPU
		{CF41EFB7-952F-4956-8466-502BF9FA5D13}.BuildAll|Mixed Platforms.ActiveCfg = Debug|Any CPU
		{CF41EFB7-952F-4956-8466-502BF9FA5D13}.BuildAll|Mixed Platforms.Build.0 = Debug|Any CPU
		{CF41EFB7-952F-4956-8466-502BF9FA5D13}.BuildAll|x86.ActiveCfg = Debug|Any CPU
		{CF41EFB7-952F-4956-8466-502BF9FA5D13}.BuildAll|x86.Build.0 = Debug|Any CPU
		{CF41EFB7-952F-4956-8466-502BF9FA5D13}.Debug|Any CPU.ActiveCfg = Debug|Any CPU
		{CF41EFB7-952F-4956-8466-502BF9FA5D13}.Debug|Any CPU.Build.0 = Debug|Any CPU
		{CF41EFB7-952F-4956-8466-502BF9FA5D13}.Debug|Mixed Platforms.ActiveCfg = Debug|Any CPU
		{CF41EFB7-952F-4956-8466-502BF9FA5D13}.Debug|Mixed Platforms.Build.0 = Debug|Any CPU
		{CF41EFB7-952F-4956-8466-502BF9FA5D13}.Debug|x86.ActiveCfg = Debug|Any CPU
		{CF41EFB7-952F-4956-8466-502BF9FA5D13}.Debug|x86.Build.0 = Debug|Any CPU
		{CF41EFB7-952F-4956-8466-502BF9FA5D13}.Release|Any CPU.ActiveCfg = Release|Any CPU
		{CF41EFB7-952F-4956-8466-502BF9FA5D13}.Release|Any CPU.Build.0 = Release|Any CPU
		{CF41EFB7-952F-4956-8466-502BF9FA5D13}.Release|Mixed Platforms.ActiveCfg = Release|Any CPU
		{CF41EFB7-952F-4956-8466-502BF9FA5D13}.Release|Mixed Platforms.Build.0 = Release|Any CPU
		{CF41EFB7-952F-4956-8466-502BF9FA5D13}.Release|x86.ActiveCfg = Release|Any CPU
		{CF41EFB7-952F-4956-8466-502BF9FA5D13}.Release|x86.Build.0 = Release|Any CPU
		{A6D3AA09-7DFC-490D-9025-08FC4BE27ABB}.BuildAll|Any CPU.ActiveCfg = Debug|Any CPU
		{A6D3AA09-7DFC-490D-9025-08FC4BE27ABB}.BuildAll|Any CPU.Build.0 = Debug|Any CPU
		{A6D3AA09-7DFC-490D-9025-08FC4BE27ABB}.BuildAll|Mixed Platforms.ActiveCfg = Debug|Any CPU
		{A6D3AA09-7DFC-490D-9025-08FC4BE27ABB}.BuildAll|Mixed Platforms.Build.0 = Debug|Any CPU
		{A6D3AA09-7DFC-490D-9025-08FC4BE27ABB}.BuildAll|x86.ActiveCfg = Debug|Any CPU
		{A6D3AA09-7DFC-490D-9025-08FC4BE27ABB}.BuildAll|x86.Build.0 = Debug|Any CPU
		{A6D3AA09-7DFC-490D-9025-08FC4BE27ABB}.Debug|Any CPU.ActiveCfg = Debug|Any CPU
		{A6D3AA09-7DFC-490D-9025-08FC4BE27ABB}.Debug|Any CPU.Build.0 = Debug|Any CPU
		{A6D3AA09-7DFC-490D-9025-08FC4BE27ABB}.Debug|Mixed Platforms.ActiveCfg = Debug|Any CPU
		{A6D3AA09-7DFC-490D-9025-08FC4BE27ABB}.Debug|Mixed Platforms.Build.0 = Debug|Any CPU
		{A6D3AA09-7DFC-490D-9025-08FC4BE27ABB}.Debug|x86.ActiveCfg = Debug|Any CPU
		{A6D3AA09-7DFC-490D-9025-08FC4BE27ABB}.Debug|x86.Build.0 = Debug|Any CPU
		{A6D3AA09-7DFC-490D-9025-08FC4BE27ABB}.Release|Any CPU.ActiveCfg = Release|Any CPU
		{A6D3AA09-7DFC-490D-9025-08FC4BE27ABB}.Release|Any CPU.Build.0 = Release|Any CPU
		{A6D3AA09-7DFC-490D-9025-08FC4BE27ABB}.Release|Mixed Platforms.ActiveCfg = Release|Any CPU
		{A6D3AA09-7DFC-490D-9025-08FC4BE27ABB}.Release|Mixed Platforms.Build.0 = Release|Any CPU
		{A6D3AA09-7DFC-490D-9025-08FC4BE27ABB}.Release|x86.ActiveCfg = Release|Any CPU
		{A6D3AA09-7DFC-490D-9025-08FC4BE27ABB}.Release|x86.Build.0 = Release|Any CPU
		{4E08E400-F07E-4C8D-BDA4-460E1225AE05}.BuildAll|Any CPU.ActiveCfg = Debug|Any CPU
		{4E08E400-F07E-4C8D-BDA4-460E1225AE05}.BuildAll|Any CPU.Build.0 = Debug|Any CPU
		{4E08E400-F07E-4C8D-BDA4-460E1225AE05}.BuildAll|Mixed Platforms.ActiveCfg = Debug|Any CPU
		{4E08E400-F07E-4C8D-BDA4-460E1225AE05}.BuildAll|Mixed Platforms.Build.0 = Debug|Any CPU
		{4E08E400-F07E-4C8D-BDA4-460E1225AE05}.BuildAll|x86.ActiveCfg = Debug|Any CPU
		{4E08E400-F07E-4C8D-BDA4-460E1225AE05}.BuildAll|x86.Build.0 = Debug|Any CPU
		{4E08E400-F07E-4C8D-BDA4-460E1225AE05}.Debug|Any CPU.ActiveCfg = Debug|Any CPU
		{4E08E400-F07E-4C8D-BDA4-460E1225AE05}.Debug|Any CPU.Build.0 = Debug|Any CPU
		{4E08E400-F07E-4C8D-BDA4-460E1225AE05}.Debug|Mixed Platforms.ActiveCfg = Debug|Any CPU
		{4E08E400-F07E-4C8D-BDA4-460E1225AE05}.Debug|Mixed Platforms.Build.0 = Debug|Any CPU
		{4E08E400-F07E-4C8D-BDA4-460E1225AE05}.Debug|x86.ActiveCfg = Debug|Any CPU
		{4E08E400-F07E-4C8D-BDA4-460E1225AE05}.Debug|x86.Build.0 = Debug|Any CPU
		{4E08E400-F07E-4C8D-BDA4-460E1225AE05}.Release|Any CPU.ActiveCfg = Release|Any CPU
		{4E08E400-F07E-4C8D-BDA4-460E1225AE05}.Release|Any CPU.Build.0 = Release|Any CPU
		{4E08E400-F07E-4C8D-BDA4-460E1225AE05}.Release|Mixed Platforms.ActiveCfg = Release|Any CPU
		{4E08E400-F07E-4C8D-BDA4-460E1225AE05}.Release|Mixed Platforms.Build.0 = Release|Any CPU
		{4E08E400-F07E-4C8D-BDA4-460E1225AE05}.Release|x86.ActiveCfg = Release|Any CPU
		{4E08E400-F07E-4C8D-BDA4-460E1225AE05}.Release|x86.Build.0 = Release|Any CPU
		{EF3BCD9E-7A0D-4224-B58C-78BA0F43FB0A}.BuildAll|Any CPU.ActiveCfg = Debug|Any CPU
		{EF3BCD9E-7A0D-4224-B58C-78BA0F43FB0A}.BuildAll|Any CPU.Build.0 = Debug|Any CPU
		{EF3BCD9E-7A0D-4224-B58C-78BA0F43FB0A}.BuildAll|Mixed Platforms.ActiveCfg = Debug|Any CPU
		{EF3BCD9E-7A0D-4224-B58C-78BA0F43FB0A}.BuildAll|Mixed Platforms.Build.0 = Debug|Any CPU
		{EF3BCD9E-7A0D-4224-B58C-78BA0F43FB0A}.BuildAll|x86.ActiveCfg = Debug|Any CPU
		{EF3BCD9E-7A0D-4224-B58C-78BA0F43FB0A}.BuildAll|x86.Build.0 = Debug|Any CPU
		{EF3BCD9E-7A0D-4224-B58C-78BA0F43FB0A}.Debug|Any CPU.ActiveCfg = Debug|Any CPU
		{EF3BCD9E-7A0D-4224-B58C-78BA0F43FB0A}.Debug|Any CPU.Build.0 = Debug|Any CPU
		{EF3BCD9E-7A0D-4224-B58C-78BA0F43FB0A}.Debug|Mixed Platforms.ActiveCfg = Debug|Any CPU
		{EF3BCD9E-7A0D-4224-B58C-78BA0F43FB0A}.Debug|Mixed Platforms.Build.0 = Debug|Any CPU
		{EF3BCD9E-7A0D-4224-B58C-78BA0F43FB0A}.Debug|x86.ActiveCfg = Debug|Any CPU
		{EF3BCD9E-7A0D-4224-B58C-78BA0F43FB0A}.Debug|x86.Build.0 = Debug|Any CPU
		{EF3BCD9E-7A0D-4224-B58C-78BA0F43FB0A}.Release|Any CPU.ActiveCfg = Release|Any CPU
		{EF3BCD9E-7A0D-4224-B58C-78BA0F43FB0A}.Release|Any CPU.Build.0 = Release|Any CPU
		{EF3BCD9E-7A0D-4224-B58C-78BA0F43FB0A}.Release|Mixed Platforms.ActiveCfg = Release|Any CPU
		{EF3BCD9E-7A0D-4224-B58C-78BA0F43FB0A}.Release|Mixed Platforms.Build.0 = Release|Any CPU
		{EF3BCD9E-7A0D-4224-B58C-78BA0F43FB0A}.Release|x86.ActiveCfg = Release|Any CPU
		{EF3BCD9E-7A0D-4224-B58C-78BA0F43FB0A}.Release|x86.Build.0 = Release|Any CPU
		{CB27D940-0FBE-48C8-9725-5619DE30FB5B}.BuildAll|Any CPU.ActiveCfg = Debug|Any CPU
		{CB27D940-0FBE-48C8-9725-5619DE30FB5B}.BuildAll|Any CPU.Build.0 = Debug|Any CPU
		{CB27D940-0FBE-48C8-9725-5619DE30FB5B}.BuildAll|Mixed Platforms.ActiveCfg = Debug|Any CPU
		{CB27D940-0FBE-48C8-9725-5619DE30FB5B}.BuildAll|Mixed Platforms.Build.0 = Debug|Any CPU
		{CB27D940-0FBE-48C8-9725-5619DE30FB5B}.BuildAll|x86.ActiveCfg = Debug|Any CPU
		{CB27D940-0FBE-48C8-9725-5619DE30FB5B}.BuildAll|x86.Build.0 = Debug|Any CPU
		{CB27D940-0FBE-48C8-9725-5619DE30FB5B}.Debug|Any CPU.ActiveCfg = Debug|Any CPU
		{CB27D940-0FBE-48C8-9725-5619DE30FB5B}.Debug|Any CPU.Build.0 = Debug|Any CPU
		{CB27D940-0FBE-48C8-9725-5619DE30FB5B}.Debug|Mixed Platforms.ActiveCfg = Debug|Any CPU
		{CB27D940-0FBE-48C8-9725-5619DE30FB5B}.Debug|Mixed Platforms.Build.0 = Debug|Any CPU
		{CB27D940-0FBE-48C8-9725-5619DE30FB5B}.Debug|x86.ActiveCfg = Debug|Any CPU
		{CB27D940-0FBE-48C8-9725-5619DE30FB5B}.Debug|x86.Build.0 = Debug|Any CPU
		{CB27D940-0FBE-48C8-9725-5619DE30FB5B}.Release|Any CPU.ActiveCfg = Release|Any CPU
		{CB27D940-0FBE-48C8-9725-5619DE30FB5B}.Release|Any CPU.Build.0 = Release|Any CPU
		{CB27D940-0FBE-48C8-9725-5619DE30FB5B}.Release|Mixed Platforms.ActiveCfg = Release|Any CPU
		{CB27D940-0FBE-48C8-9725-5619DE30FB5B}.Release|Mixed Platforms.Build.0 = Release|Any CPU
		{CB27D940-0FBE-48C8-9725-5619DE30FB5B}.Release|x86.ActiveCfg = Release|Any CPU
		{CB27D940-0FBE-48C8-9725-5619DE30FB5B}.Release|x86.Build.0 = Release|Any CPU
		{2D0F6A28-C6BF-40FC-8E14-F28C681E5E39}.BuildAll|Any CPU.ActiveCfg = Debug|Any CPU
		{2D0F6A28-C6BF-40FC-8E14-F28C681E5E39}.BuildAll|Any CPU.Build.0 = Debug|Any CPU
		{2D0F6A28-C6BF-40FC-8E14-F28C681E5E39}.BuildAll|Mixed Platforms.ActiveCfg = Debug|Any CPU
		{2D0F6A28-C6BF-40FC-8E14-F28C681E5E39}.BuildAll|Mixed Platforms.Build.0 = Debug|Any CPU
		{2D0F6A28-C6BF-40FC-8E14-F28C681E5E39}.BuildAll|x86.ActiveCfg = Debug|Any CPU
		{2D0F6A28-C6BF-40FC-8E14-F28C681E5E39}.BuildAll|x86.Build.0 = Debug|Any CPU
		{2D0F6A28-C6BF-40FC-8E14-F28C681E5E39}.Debug|Any CPU.ActiveCfg = Debug|Any CPU
		{2D0F6A28-C6BF-40FC-8E14-F28C681E5E39}.Debug|Any CPU.Build.0 = Debug|Any CPU
		{2D0F6A28-C6BF-40FC-8E14-F28C681E5E39}.Debug|Mixed Platforms.ActiveCfg = Debug|Any CPU
		{2D0F6A28-C6BF-40FC-8E14-F28C681E5E39}.Debug|Mixed Platforms.Build.0 = Debug|Any CPU
		{2D0F6A28-C6BF-40FC-8E14-F28C681E5E39}.Debug|x86.ActiveCfg = Debug|Any CPU
		{2D0F6A28-C6BF-40FC-8E14-F28C681E5E39}.Debug|x86.Build.0 = Debug|Any CPU
		{2D0F6A28-C6BF-40FC-8E14-F28C681E5E39}.Release|Any CPU.ActiveCfg = Release|Any CPU
		{2D0F6A28-C6BF-40FC-8E14-F28C681E5E39}.Release|Any CPU.Build.0 = Release|Any CPU
		{2D0F6A28-C6BF-40FC-8E14-F28C681E5E39}.Release|Mixed Platforms.ActiveCfg = Release|Any CPU
		{2D0F6A28-C6BF-40FC-8E14-F28C681E5E39}.Release|Mixed Platforms.Build.0 = Release|Any CPU
		{2D0F6A28-C6BF-40FC-8E14-F28C681E5E39}.Release|x86.ActiveCfg = Release|Any CPU
		{2D0F6A28-C6BF-40FC-8E14-F28C681E5E39}.Release|x86.Build.0 = Release|Any CPU
		{181B6054-EE36-49ED-A553-40470C78F737}.BuildAll|Any CPU.ActiveCfg = Debug|Any CPU
		{181B6054-EE36-49ED-A553-40470C78F737}.BuildAll|Any CPU.Build.0 = Debug|Any CPU
		{181B6054-EE36-49ED-A553-40470C78F737}.BuildAll|Mixed Platforms.ActiveCfg = Debug|Any CPU
		{181B6054-EE36-49ED-A553-40470C78F737}.BuildAll|Mixed Platforms.Build.0 = Debug|Any CPU
		{181B6054-EE36-49ED-A553-40470C78F737}.BuildAll|x86.ActiveCfg = Debug|Any CPU
		{181B6054-EE36-49ED-A553-40470C78F737}.BuildAll|x86.Build.0 = Debug|Any CPU
		{181B6054-EE36-49ED-A553-40470C78F737}.Debug|Any CPU.ActiveCfg = Debug|Any CPU
		{181B6054-EE36-49ED-A553-40470C78F737}.Debug|Any CPU.Build.0 = Debug|Any CPU
		{181B6054-EE36-49ED-A553-40470C78F737}.Debug|Mixed Platforms.ActiveCfg = Debug|Any CPU
		{181B6054-EE36-49ED-A553-40470C78F737}.Debug|Mixed Platforms.Build.0 = Debug|Any CPU
		{181B6054-EE36-49ED-A553-40470C78F737}.Debug|x86.ActiveCfg = Debug|Any CPU
		{181B6054-EE36-49ED-A553-40470C78F737}.Debug|x86.Build.0 = Debug|Any CPU
		{181B6054-EE36-49ED-A553-40470C78F737}.Release|Any CPU.ActiveCfg = Release|Any CPU
		{181B6054-EE36-49ED-A553-40470C78F737}.Release|Any CPU.Build.0 = Release|Any CPU
		{181B6054-EE36-49ED-A553-40470C78F737}.Release|Mixed Platforms.ActiveCfg = Release|Any CPU
		{181B6054-EE36-49ED-A553-40470C78F737}.Release|Mixed Platforms.Build.0 = Release|Any CPU
		{181B6054-EE36-49ED-A553-40470C78F737}.Release|x86.ActiveCfg = Release|Any CPU
		{181B6054-EE36-49ED-A553-40470C78F737}.Release|x86.Build.0 = Release|Any CPU
		{D73D0F2A-52DB-4784-A41E-E218076791F7}.BuildAll|Any CPU.ActiveCfg = Debug|Any CPU
		{D73D0F2A-52DB-4784-A41E-E218076791F7}.BuildAll|Any CPU.Build.0 = Debug|Any CPU
		{D73D0F2A-52DB-4784-A41E-E218076791F7}.BuildAll|Mixed Platforms.ActiveCfg = Debug|Any CPU
		{D73D0F2A-52DB-4784-A41E-E218076791F7}.BuildAll|Mixed Platforms.Build.0 = Debug|Any CPU
		{D73D0F2A-52DB-4784-A41E-E218076791F7}.BuildAll|x86.ActiveCfg = Debug|Any CPU
		{D73D0F2A-52DB-4784-A41E-E218076791F7}.BuildAll|x86.Build.0 = Debug|Any CPU
		{D73D0F2A-52DB-4784-A41E-E218076791F7}.Debug|Any CPU.ActiveCfg = Debug|Any CPU
		{D73D0F2A-52DB-4784-A41E-E218076791F7}.Debug|Any CPU.Build.0 = Debug|Any CPU
		{D73D0F2A-52DB-4784-A41E-E218076791F7}.Debug|Mixed Platforms.ActiveCfg = Debug|Any CPU
		{D73D0F2A-52DB-4784-A41E-E218076791F7}.Debug|Mixed Platforms.Build.0 = Debug|Any CPU
		{D73D0F2A-52DB-4784-A41E-E218076791F7}.Debug|x86.ActiveCfg = Debug|Any CPU
		{D73D0F2A-52DB-4784-A41E-E218076791F7}.Debug|x86.Build.0 = Debug|Any CPU
		{D73D0F2A-52DB-4784-A41E-E218076791F7}.Release|Any CPU.ActiveCfg = Release|Any CPU
		{D73D0F2A-52DB-4784-A41E-E218076791F7}.Release|Any CPU.Build.0 = Release|Any CPU
		{D73D0F2A-52DB-4784-A41E-E218076791F7}.Release|Mixed Platforms.ActiveCfg = Release|Any CPU
		{D73D0F2A-52DB-4784-A41E-E218076791F7}.Release|Mixed Platforms.Build.0 = Release|Any CPU
		{D73D0F2A-52DB-4784-A41E-E218076791F7}.Release|x86.ActiveCfg = Release|Any CPU
		{D73D0F2A-52DB-4784-A41E-E218076791F7}.Release|x86.Build.0 = Release|Any CPU
		{87A9C0CC-4BD3-4EFE-A020-2E6A46835E91}.BuildAll|Any CPU.ActiveCfg = Debug|Any CPU
		{87A9C0CC-4BD3-4EFE-A020-2E6A46835E91}.BuildAll|Any CPU.Build.0 = Debug|Any CPU
		{87A9C0CC-4BD3-4EFE-A020-2E6A46835E91}.BuildAll|Mixed Platforms.ActiveCfg = Debug|Any CPU
		{87A9C0CC-4BD3-4EFE-A020-2E6A46835E91}.BuildAll|Mixed Platforms.Build.0 = Debug|Any CPU
		{87A9C0CC-4BD3-4EFE-A020-2E6A46835E91}.BuildAll|x86.ActiveCfg = Debug|Any CPU
		{87A9C0CC-4BD3-4EFE-A020-2E6A46835E91}.BuildAll|x86.Build.0 = Debug|Any CPU
		{87A9C0CC-4BD3-4EFE-A020-2E6A46835E91}.Debug|Any CPU.ActiveCfg = Debug|Any CPU
		{87A9C0CC-4BD3-4EFE-A020-2E6A46835E91}.Debug|Any CPU.Build.0 = Debug|Any CPU
		{87A9C0CC-4BD3-4EFE-A020-2E6A46835E91}.Debug|Mixed Platforms.ActiveCfg = Debug|Any CPU
		{87A9C0CC-4BD3-4EFE-A020-2E6A46835E91}.Debug|Mixed Platforms.Build.0 = Debug|Any CPU
		{87A9C0CC-4BD3-4EFE-A020-2E6A46835E91}.Debug|x86.ActiveCfg = Debug|Any CPU
		{87A9C0CC-4BD3-4EFE-A020-2E6A46835E91}.Debug|x86.Build.0 = Debug|Any CPU
		{87A9C0CC-4BD3-4EFE-A020-2E6A46835E91}.Release|Any CPU.ActiveCfg = Release|Any CPU
		{87A9C0CC-4BD3-4EFE-A020-2E6A46835E91}.Release|Any CPU.Build.0 = Release|Any CPU
		{87A9C0CC-4BD3-4EFE-A020-2E6A46835E91}.Release|Mixed Platforms.ActiveCfg = Release|Any CPU
		{87A9C0CC-4BD3-4EFE-A020-2E6A46835E91}.Release|Mixed Platforms.Build.0 = Release|Any CPU
		{87A9C0CC-4BD3-4EFE-A020-2E6A46835E91}.Release|x86.ActiveCfg = Release|Any CPU
		{87A9C0CC-4BD3-4EFE-A020-2E6A46835E91}.Release|x86.Build.0 = Release|Any CPU
		{642D5163-D220-48F9-91F5-97D2150FAE3A}.BuildAll|Any CPU.ActiveCfg = Debug|Any CPU
		{642D5163-D220-48F9-91F5-97D2150FAE3A}.BuildAll|Any CPU.Build.0 = Debug|Any CPU
		{642D5163-D220-48F9-91F5-97D2150FAE3A}.BuildAll|Mixed Platforms.ActiveCfg = Debug|Any CPU
		{642D5163-D220-48F9-91F5-97D2150FAE3A}.BuildAll|Mixed Platforms.Build.0 = Debug|Any CPU
		{642D5163-D220-48F9-91F5-97D2150FAE3A}.BuildAll|x86.ActiveCfg = Debug|Any CPU
		{642D5163-D220-48F9-91F5-97D2150FAE3A}.BuildAll|x86.Build.0 = Debug|Any CPU
		{642D5163-D220-48F9-91F5-97D2150FAE3A}.Debug|Any CPU.ActiveCfg = Debug|Any CPU
		{642D5163-D220-48F9-91F5-97D2150FAE3A}.Debug|Any CPU.Build.0 = Debug|Any CPU
		{642D5163-D220-48F9-91F5-97D2150FAE3A}.Debug|Mixed Platforms.ActiveCfg = Debug|Any CPU
		{642D5163-D220-48F9-91F5-97D2150FAE3A}.Debug|Mixed Platforms.Build.0 = Debug|Any CPU
		{642D5163-D220-48F9-91F5-97D2150FAE3A}.Debug|x86.ActiveCfg = Debug|Any CPU
		{642D5163-D220-48F9-91F5-97D2150FAE3A}.Debug|x86.Build.0 = Debug|Any CPU
		{642D5163-D220-48F9-91F5-97D2150FAE3A}.Release|Any CPU.ActiveCfg = Release|Any CPU
		{642D5163-D220-48F9-91F5-97D2150FAE3A}.Release|Any CPU.Build.0 = Release|Any CPU
		{642D5163-D220-48F9-91F5-97D2150FAE3A}.Release|Mixed Platforms.ActiveCfg = Release|Any CPU
		{642D5163-D220-48F9-91F5-97D2150FAE3A}.Release|Mixed Platforms.Build.0 = Release|Any CPU
		{642D5163-D220-48F9-91F5-97D2150FAE3A}.Release|x86.ActiveCfg = Release|Any CPU
		{642D5163-D220-48F9-91F5-97D2150FAE3A}.Release|x86.Build.0 = Release|Any CPU
		{550196DA-FC77-4ABC-899C-8A548F58EADA}.BuildAll|Any CPU.ActiveCfg = Debug|Any CPU
		{550196DA-FC77-4ABC-899C-8A548F58EADA}.BuildAll|Any CPU.Build.0 = Debug|Any CPU
		{550196DA-FC77-4ABC-899C-8A548F58EADA}.BuildAll|Mixed Platforms.ActiveCfg = Debug|Any CPU
		{550196DA-FC77-4ABC-899C-8A548F58EADA}.BuildAll|Mixed Platforms.Build.0 = Debug|Any CPU
		{550196DA-FC77-4ABC-899C-8A548F58EADA}.BuildAll|x86.ActiveCfg = Debug|Any CPU
		{550196DA-FC77-4ABC-899C-8A548F58EADA}.BuildAll|x86.Build.0 = Debug|Any CPU
		{550196DA-FC77-4ABC-899C-8A548F58EADA}.Debug|Any CPU.ActiveCfg = Debug|Any CPU
		{550196DA-FC77-4ABC-899C-8A548F58EADA}.Debug|Any CPU.Build.0 = Debug|Any CPU
		{550196DA-FC77-4ABC-899C-8A548F58EADA}.Debug|Mixed Platforms.ActiveCfg = Debug|Any CPU
		{550196DA-FC77-4ABC-899C-8A548F58EADA}.Debug|Mixed Platforms.Build.0 = Debug|Any CPU
		{550196DA-FC77-4ABC-899C-8A548F58EADA}.Debug|x86.ActiveCfg = Debug|Any CPU
		{550196DA-FC77-4ABC-899C-8A548F58EADA}.Debug|x86.Build.0 = Debug|Any CPU
		{550196DA-FC77-4ABC-899C-8A548F58EADA}.Release|Any CPU.ActiveCfg = Release|Any CPU
		{550196DA-FC77-4ABC-899C-8A548F58EADA}.Release|Any CPU.Build.0 = Release|Any CPU
		{550196DA-FC77-4ABC-899C-8A548F58EADA}.Release|Mixed Platforms.ActiveCfg = Release|Any CPU
		{550196DA-FC77-4ABC-899C-8A548F58EADA}.Release|Mixed Platforms.Build.0 = Release|Any CPU
		{550196DA-FC77-4ABC-899C-8A548F58EADA}.Release|x86.ActiveCfg = Release|Any CPU
		{550196DA-FC77-4ABC-899C-8A548F58EADA}.Release|x86.Build.0 = Release|Any CPU
		{469DF27B-F10E-43FA-B166-FAB252CDC886}.BuildAll|Any CPU.ActiveCfg = Debug|Any CPU
		{469DF27B-F10E-43FA-B166-FAB252CDC886}.BuildAll|Any CPU.Build.0 = Debug|Any CPU
		{469DF27B-F10E-43FA-B166-FAB252CDC886}.BuildAll|Mixed Platforms.ActiveCfg = Debug|Any CPU
		{469DF27B-F10E-43FA-B166-FAB252CDC886}.BuildAll|Mixed Platforms.Build.0 = Debug|Any CPU
		{469DF27B-F10E-43FA-B166-FAB252CDC886}.BuildAll|x86.ActiveCfg = Debug|Any CPU
		{469DF27B-F10E-43FA-B166-FAB252CDC886}.BuildAll|x86.Build.0 = Debug|Any CPU
		{469DF27B-F10E-43FA-B166-FAB252CDC886}.Debug|Any CPU.ActiveCfg = Debug|Any CPU
		{469DF27B-F10E-43FA-B166-FAB252CDC886}.Debug|Any CPU.Build.0 = Debug|Any CPU
		{469DF27B-F10E-43FA-B166-FAB252CDC886}.Debug|Mixed Platforms.ActiveCfg = Debug|Any CPU
		{469DF27B-F10E-43FA-B166-FAB252CDC886}.Debug|Mixed Platforms.Build.0 = Debug|Any CPU
		{469DF27B-F10E-43FA-B166-FAB252CDC886}.Debug|x86.ActiveCfg = Debug|Any CPU
		{469DF27B-F10E-43FA-B166-FAB252CDC886}.Debug|x86.Build.0 = Debug|Any CPU
		{469DF27B-F10E-43FA-B166-FAB252CDC886}.Release|Any CPU.ActiveCfg = Release|Any CPU
		{469DF27B-F10E-43FA-B166-FAB252CDC886}.Release|Any CPU.Build.0 = Release|Any CPU
		{469DF27B-F10E-43FA-B166-FAB252CDC886}.Release|Mixed Platforms.ActiveCfg = Release|Any CPU
		{469DF27B-F10E-43FA-B166-FAB252CDC886}.Release|Mixed Platforms.Build.0 = Release|Any CPU
		{469DF27B-F10E-43FA-B166-FAB252CDC886}.Release|x86.ActiveCfg = Release|Any CPU
		{469DF27B-F10E-43FA-B166-FAB252CDC886}.Release|x86.Build.0 = Release|Any CPU
		{E4AB3EC9-FC32-42C9-8741-C1D44F9B802E}.BuildAll|Any CPU.ActiveCfg = Debug|Any CPU
		{E4AB3EC9-FC32-42C9-8741-C1D44F9B802E}.BuildAll|Any CPU.Build.0 = Debug|Any CPU
		{E4AB3EC9-FC32-42C9-8741-C1D44F9B802E}.BuildAll|Mixed Platforms.ActiveCfg = Debug|Any CPU
		{E4AB3EC9-FC32-42C9-8741-C1D44F9B802E}.BuildAll|Mixed Platforms.Build.0 = Debug|Any CPU
		{E4AB3EC9-FC32-42C9-8741-C1D44F9B802E}.BuildAll|x86.ActiveCfg = Debug|Any CPU
		{E4AB3EC9-FC32-42C9-8741-C1D44F9B802E}.BuildAll|x86.Build.0 = Debug|Any CPU
		{E4AB3EC9-FC32-42C9-8741-C1D44F9B802E}.Debug|Any CPU.ActiveCfg = Debug|Any CPU
		{E4AB3EC9-FC32-42C9-8741-C1D44F9B802E}.Debug|Any CPU.Build.0 = Debug|Any CPU
		{E4AB3EC9-FC32-42C9-8741-C1D44F9B802E}.Debug|Mixed Platforms.ActiveCfg = Debug|Any CPU
		{E4AB3EC9-FC32-42C9-8741-C1D44F9B802E}.Debug|Mixed Platforms.Build.0 = Debug|Any CPU
		{E4AB3EC9-FC32-42C9-8741-C1D44F9B802E}.Debug|x86.ActiveCfg = Debug|Any CPU
		{E4AB3EC9-FC32-42C9-8741-C1D44F9B802E}.Debug|x86.Build.0 = Debug|Any CPU
		{E4AB3EC9-FC32-42C9-8741-C1D44F9B802E}.Release|Any CPU.ActiveCfg = Release|Any CPU
		{E4AB3EC9-FC32-42C9-8741-C1D44F9B802E}.Release|Any CPU.Build.0 = Release|Any CPU
		{E4AB3EC9-FC32-42C9-8741-C1D44F9B802E}.Release|Mixed Platforms.ActiveCfg = Release|Any CPU
		{E4AB3EC9-FC32-42C9-8741-C1D44F9B802E}.Release|Mixed Platforms.Build.0 = Release|Any CPU
		{E4AB3EC9-FC32-42C9-8741-C1D44F9B802E}.Release|x86.ActiveCfg = Release|Any CPU
		{E4AB3EC9-FC32-42C9-8741-C1D44F9B802E}.Release|x86.Build.0 = Release|Any CPU
		{5329DD13-1DF1-4019-A71B-4059190BCF56}.BuildAll|Any CPU.ActiveCfg = Debug|Any CPU
		{5329DD13-1DF1-4019-A71B-4059190BCF56}.BuildAll|Any CPU.Build.0 = Debug|Any CPU
		{5329DD13-1DF1-4019-A71B-4059190BCF56}.BuildAll|Mixed Platforms.ActiveCfg = Debug|Any CPU
		{5329DD13-1DF1-4019-A71B-4059190BCF56}.BuildAll|Mixed Platforms.Build.0 = Debug|Any CPU
		{5329DD13-1DF1-4019-A71B-4059190BCF56}.BuildAll|x86.ActiveCfg = Debug|Any CPU
		{5329DD13-1DF1-4019-A71B-4059190BCF56}.BuildAll|x86.Build.0 = Debug|Any CPU
		{5329DD13-1DF1-4019-A71B-4059190BCF56}.Debug|Any CPU.ActiveCfg = Debug|Any CPU
		{5329DD13-1DF1-4019-A71B-4059190BCF56}.Debug|Any CPU.Build.0 = Debug|Any CPU
		{5329DD13-1DF1-4019-A71B-4059190BCF56}.Debug|Mixed Platforms.ActiveCfg = Debug|Any CPU
		{5329DD13-1DF1-4019-A71B-4059190BCF56}.Debug|Mixed Platforms.Build.0 = Debug|Any CPU
		{5329DD13-1DF1-4019-A71B-4059190BCF56}.Debug|x86.ActiveCfg = Debug|Any CPU
		{5329DD13-1DF1-4019-A71B-4059190BCF56}.Debug|x86.Build.0 = Debug|Any CPU
		{5329DD13-1DF1-4019-A71B-4059190BCF56}.Release|Any CPU.ActiveCfg = Release|Any CPU
		{5329DD13-1DF1-4019-A71B-4059190BCF56}.Release|Any CPU.Build.0 = Release|Any CPU
		{5329DD13-1DF1-4019-A71B-4059190BCF56}.Release|Mixed Platforms.ActiveCfg = Release|Any CPU
		{5329DD13-1DF1-4019-A71B-4059190BCF56}.Release|Mixed Platforms.Build.0 = Release|Any CPU
		{5329DD13-1DF1-4019-A71B-4059190BCF56}.Release|x86.ActiveCfg = Release|Any CPU
		{5329DD13-1DF1-4019-A71B-4059190BCF56}.Release|x86.Build.0 = Release|Any CPU
		{4563187E-74A0-4619-A187-EFC30E7BFC15}.BuildAll|Any CPU.ActiveCfg = Debug|Any CPU
		{4563187E-74A0-4619-A187-EFC30E7BFC15}.BuildAll|Any CPU.Build.0 = Debug|Any CPU
		{4563187E-74A0-4619-A187-EFC30E7BFC15}.BuildAll|Mixed Platforms.ActiveCfg = Debug|Any CPU
		{4563187E-74A0-4619-A187-EFC30E7BFC15}.BuildAll|Mixed Platforms.Build.0 = Debug|Any CPU
		{4563187E-74A0-4619-A187-EFC30E7BFC15}.BuildAll|x86.ActiveCfg = Debug|Any CPU
		{4563187E-74A0-4619-A187-EFC30E7BFC15}.BuildAll|x86.Build.0 = Debug|Any CPU
		{4563187E-74A0-4619-A187-EFC30E7BFC15}.Debug|Any CPU.ActiveCfg = Debug|Any CPU
		{4563187E-74A0-4619-A187-EFC30E7BFC15}.Debug|Any CPU.Build.0 = Debug|Any CPU
		{4563187E-74A0-4619-A187-EFC30E7BFC15}.Debug|Mixed Platforms.ActiveCfg = Debug|Any CPU
		{4563187E-74A0-4619-A187-EFC30E7BFC15}.Debug|Mixed Platforms.Build.0 = Debug|Any CPU
		{4563187E-74A0-4619-A187-EFC30E7BFC15}.Debug|x86.ActiveCfg = Debug|Any CPU
		{4563187E-74A0-4619-A187-EFC30E7BFC15}.Debug|x86.Build.0 = Debug|Any CPU
		{4563187E-74A0-4619-A187-EFC30E7BFC15}.Release|Any CPU.ActiveCfg = Release|Any CPU
		{4563187E-74A0-4619-A187-EFC30E7BFC15}.Release|Any CPU.Build.0 = Release|Any CPU
		{4563187E-74A0-4619-A187-EFC30E7BFC15}.Release|Mixed Platforms.ActiveCfg = Release|Any CPU
		{4563187E-74A0-4619-A187-EFC30E7BFC15}.Release|Mixed Platforms.Build.0 = Release|Any CPU
		{4563187E-74A0-4619-A187-EFC30E7BFC15}.Release|x86.ActiveCfg = Release|Any CPU
		{4563187E-74A0-4619-A187-EFC30E7BFC15}.Release|x86.Build.0 = Release|Any CPU
		{DFE9E9BB-00AA-425A-A5BF-FC0F96E071F8}.BuildAll|Any CPU.ActiveCfg = Debug|Any CPU
		{DFE9E9BB-00AA-425A-A5BF-FC0F96E071F8}.BuildAll|Any CPU.Build.0 = Debug|Any CPU
		{DFE9E9BB-00AA-425A-A5BF-FC0F96E071F8}.BuildAll|Mixed Platforms.ActiveCfg = Debug|Any CPU
		{DFE9E9BB-00AA-425A-A5BF-FC0F96E071F8}.BuildAll|Mixed Platforms.Build.0 = Debug|Any CPU
		{DFE9E9BB-00AA-425A-A5BF-FC0F96E071F8}.BuildAll|x86.ActiveCfg = Debug|Any CPU
		{DFE9E9BB-00AA-425A-A5BF-FC0F96E071F8}.BuildAll|x86.Build.0 = Debug|Any CPU
		{DFE9E9BB-00AA-425A-A5BF-FC0F96E071F8}.Debug|Any CPU.ActiveCfg = Debug|Any CPU
		{DFE9E9BB-00AA-425A-A5BF-FC0F96E071F8}.Debug|Any CPU.Build.0 = Debug|Any CPU
		{DFE9E9BB-00AA-425A-A5BF-FC0F96E071F8}.Debug|Mixed Platforms.ActiveCfg = Debug|Any CPU
		{DFE9E9BB-00AA-425A-A5BF-FC0F96E071F8}.Debug|Mixed Platforms.Build.0 = Debug|Any CPU
		{DFE9E9BB-00AA-425A-A5BF-FC0F96E071F8}.Debug|x86.ActiveCfg = Debug|Any CPU
		{DFE9E9BB-00AA-425A-A5BF-FC0F96E071F8}.Debug|x86.Build.0 = Debug|Any CPU
		{DFE9E9BB-00AA-425A-A5BF-FC0F96E071F8}.Release|Any CPU.ActiveCfg = Release|Any CPU
		{DFE9E9BB-00AA-425A-A5BF-FC0F96E071F8}.Release|Any CPU.Build.0 = Release|Any CPU
		{DFE9E9BB-00AA-425A-A5BF-FC0F96E071F8}.Release|Mixed Platforms.ActiveCfg = Release|Any CPU
		{DFE9E9BB-00AA-425A-A5BF-FC0F96E071F8}.Release|Mixed Platforms.Build.0 = Release|Any CPU
		{DFE9E9BB-00AA-425A-A5BF-FC0F96E071F8}.Release|x86.ActiveCfg = Release|Any CPU
		{DFE9E9BB-00AA-425A-A5BF-FC0F96E071F8}.Release|x86.Build.0 = Release|Any CPU
		{6C1EEB5D-9401-4739-AF4D-CC832AE899BD}.BuildAll|Any CPU.ActiveCfg = Debug|Any CPU
		{6C1EEB5D-9401-4739-AF4D-CC832AE899BD}.BuildAll|Any CPU.Build.0 = Debug|Any CPU
		{6C1EEB5D-9401-4739-AF4D-CC832AE899BD}.BuildAll|Mixed Platforms.ActiveCfg = Debug|Any CPU
		{6C1EEB5D-9401-4739-AF4D-CC832AE899BD}.BuildAll|Mixed Platforms.Build.0 = Debug|Any CPU
		{6C1EEB5D-9401-4739-AF4D-CC832AE899BD}.BuildAll|x86.ActiveCfg = Debug|Any CPU
		{6C1EEB5D-9401-4739-AF4D-CC832AE899BD}.BuildAll|x86.Build.0 = Debug|Any CPU
		{6C1EEB5D-9401-4739-AF4D-CC832AE899BD}.Debug|Any CPU.ActiveCfg = Debug|Any CPU
		{6C1EEB5D-9401-4739-AF4D-CC832AE899BD}.Debug|Any CPU.Build.0 = Debug|Any CPU
		{6C1EEB5D-9401-4739-AF4D-CC832AE899BD}.Debug|Mixed Platforms.ActiveCfg = Debug|Any CPU
		{6C1EEB5D-9401-4739-AF4D-CC832AE899BD}.Debug|Mixed Platforms.Build.0 = Debug|Any CPU
		{6C1EEB5D-9401-4739-AF4D-CC832AE899BD}.Debug|x86.ActiveCfg = Debug|Any CPU
		{6C1EEB5D-9401-4739-AF4D-CC832AE899BD}.Debug|x86.Build.0 = Debug|Any CPU
		{6C1EEB5D-9401-4739-AF4D-CC832AE899BD}.Release|Any CPU.ActiveCfg = Release|Any CPU
		{6C1EEB5D-9401-4739-AF4D-CC832AE899BD}.Release|Any CPU.Build.0 = Release|Any CPU
		{6C1EEB5D-9401-4739-AF4D-CC832AE899BD}.Release|Mixed Platforms.ActiveCfg = Release|Any CPU
		{6C1EEB5D-9401-4739-AF4D-CC832AE899BD}.Release|Mixed Platforms.Build.0 = Release|Any CPU
		{6C1EEB5D-9401-4739-AF4D-CC832AE899BD}.Release|x86.ActiveCfg = Release|Any CPU
		{6C1EEB5D-9401-4739-AF4D-CC832AE899BD}.Release|x86.Build.0 = Release|Any CPU
		{790A1418-9E3B-46C3-BA02-4A75D13BF5B2}.BuildAll|Any CPU.ActiveCfg = Debug|Any CPU
		{790A1418-9E3B-46C3-BA02-4A75D13BF5B2}.BuildAll|Any CPU.Build.0 = Debug|Any CPU
		{790A1418-9E3B-46C3-BA02-4A75D13BF5B2}.BuildAll|Mixed Platforms.ActiveCfg = Debug|Any CPU
		{790A1418-9E3B-46C3-BA02-4A75D13BF5B2}.BuildAll|Mixed Platforms.Build.0 = Debug|Any CPU
		{790A1418-9E3B-46C3-BA02-4A75D13BF5B2}.BuildAll|x86.ActiveCfg = Debug|Any CPU
		{790A1418-9E3B-46C3-BA02-4A75D13BF5B2}.BuildAll|x86.Build.0 = Debug|Any CPU
		{790A1418-9E3B-46C3-BA02-4A75D13BF5B2}.Debug|Any CPU.ActiveCfg = Debug|Any CPU
		{790A1418-9E3B-46C3-BA02-4A75D13BF5B2}.Debug|Any CPU.Build.0 = Debug|Any CPU
		{790A1418-9E3B-46C3-BA02-4A75D13BF5B2}.Debug|Mixed Platforms.ActiveCfg = Debug|Any CPU
		{790A1418-9E3B-46C3-BA02-4A75D13BF5B2}.Debug|Mixed Platforms.Build.0 = Debug|Any CPU
		{790A1418-9E3B-46C3-BA02-4A75D13BF5B2}.Debug|x86.ActiveCfg = Debug|Any CPU
		{790A1418-9E3B-46C3-BA02-4A75D13BF5B2}.Debug|x86.Build.0 = Debug|Any CPU
		{790A1418-9E3B-46C3-BA02-4A75D13BF5B2}.Release|Any CPU.ActiveCfg = Release|Any CPU
		{790A1418-9E3B-46C3-BA02-4A75D13BF5B2}.Release|Any CPU.Build.0 = Release|Any CPU
		{790A1418-9E3B-46C3-BA02-4A75D13BF5B2}.Release|Mixed Platforms.ActiveCfg = Release|Any CPU
		{790A1418-9E3B-46C3-BA02-4A75D13BF5B2}.Release|Mixed Platforms.Build.0 = Release|Any CPU
		{790A1418-9E3B-46C3-BA02-4A75D13BF5B2}.Release|x86.ActiveCfg = Release|Any CPU
		{790A1418-9E3B-46C3-BA02-4A75D13BF5B2}.Release|x86.Build.0 = Release|Any CPU
		{20DD6B46-F40B-4B06-8B8B-0362F44FD177}.BuildAll|Any CPU.ActiveCfg = Debug|Any CPU
		{20DD6B46-F40B-4B06-8B8B-0362F44FD177}.BuildAll|Any CPU.Build.0 = Debug|Any CPU
		{20DD6B46-F40B-4B06-8B8B-0362F44FD177}.BuildAll|Mixed Platforms.ActiveCfg = Debug|Any CPU
		{20DD6B46-F40B-4B06-8B8B-0362F44FD177}.BuildAll|Mixed Platforms.Build.0 = Debug|Any CPU
		{20DD6B46-F40B-4B06-8B8B-0362F44FD177}.BuildAll|x86.ActiveCfg = Debug|Any CPU
		{20DD6B46-F40B-4B06-8B8B-0362F44FD177}.BuildAll|x86.Build.0 = Debug|Any CPU
		{20DD6B46-F40B-4B06-8B8B-0362F44FD177}.Debug|Any CPU.ActiveCfg = Debug|Any CPU
		{20DD6B46-F40B-4B06-8B8B-0362F44FD177}.Debug|Any CPU.Build.0 = Debug|Any CPU
		{20DD6B46-F40B-4B06-8B8B-0362F44FD177}.Debug|Mixed Platforms.ActiveCfg = Debug|Any CPU
		{20DD6B46-F40B-4B06-8B8B-0362F44FD177}.Debug|Mixed Platforms.Build.0 = Debug|Any CPU
		{20DD6B46-F40B-4B06-8B8B-0362F44FD177}.Debug|x86.ActiveCfg = Debug|Any CPU
		{20DD6B46-F40B-4B06-8B8B-0362F44FD177}.Debug|x86.Build.0 = Debug|Any CPU
		{20DD6B46-F40B-4B06-8B8B-0362F44FD177}.Release|Any CPU.ActiveCfg = Release|Any CPU
		{20DD6B46-F40B-4B06-8B8B-0362F44FD177}.Release|Any CPU.Build.0 = Release|Any CPU
		{20DD6B46-F40B-4B06-8B8B-0362F44FD177}.Release|Mixed Platforms.ActiveCfg = Release|Any CPU
		{20DD6B46-F40B-4B06-8B8B-0362F44FD177}.Release|Mixed Platforms.Build.0 = Release|Any CPU
		{20DD6B46-F40B-4B06-8B8B-0362F44FD177}.Release|x86.ActiveCfg = Release|Any CPU
		{20DD6B46-F40B-4B06-8B8B-0362F44FD177}.Release|x86.Build.0 = Release|Any CPU
		{6394830F-1496-4F7F-9BB3-C8582E853AF2}.BuildAll|Any CPU.ActiveCfg = Debug|Any CPU
		{6394830F-1496-4F7F-9BB3-C8582E853AF2}.BuildAll|Any CPU.Build.0 = Debug|Any CPU
		{6394830F-1496-4F7F-9BB3-C8582E853AF2}.BuildAll|Mixed Platforms.ActiveCfg = Debug|Any CPU
		{6394830F-1496-4F7F-9BB3-C8582E853AF2}.BuildAll|Mixed Platforms.Build.0 = Debug|Any CPU
		{6394830F-1496-4F7F-9BB3-C8582E853AF2}.BuildAll|x86.ActiveCfg = Debug|Any CPU
		{6394830F-1496-4F7F-9BB3-C8582E853AF2}.BuildAll|x86.Build.0 = Debug|Any CPU
		{6394830F-1496-4F7F-9BB3-C8582E853AF2}.Debug|Any CPU.ActiveCfg = Debug|Any CPU
		{6394830F-1496-4F7F-9BB3-C8582E853AF2}.Debug|Any CPU.Build.0 = Debug|Any CPU
		{6394830F-1496-4F7F-9BB3-C8582E853AF2}.Debug|Mixed Platforms.ActiveCfg = Debug|Any CPU
		{6394830F-1496-4F7F-9BB3-C8582E853AF2}.Debug|Mixed Platforms.Build.0 = Debug|Any CPU
		{6394830F-1496-4F7F-9BB3-C8582E853AF2}.Debug|x86.ActiveCfg = Debug|Any CPU
		{6394830F-1496-4F7F-9BB3-C8582E853AF2}.Debug|x86.Build.0 = Debug|Any CPU
		{6394830F-1496-4F7F-9BB3-C8582E853AF2}.Release|Any CPU.ActiveCfg = Release|Any CPU
		{6394830F-1496-4F7F-9BB3-C8582E853AF2}.Release|Any CPU.Build.0 = Release|Any CPU
		{6394830F-1496-4F7F-9BB3-C8582E853AF2}.Release|Mixed Platforms.ActiveCfg = Release|Any CPU
		{6394830F-1496-4F7F-9BB3-C8582E853AF2}.Release|Mixed Platforms.Build.0 = Release|Any CPU
		{6394830F-1496-4F7F-9BB3-C8582E853AF2}.Release|x86.ActiveCfg = Release|Any CPU
		{6394830F-1496-4F7F-9BB3-C8582E853AF2}.Release|x86.Build.0 = Release|Any CPU
		{DCD4CBE4-A165-4A7C-8041-6A99E54F0B98}.BuildAll|Any CPU.ActiveCfg = Debug|Any CPU
		{DCD4CBE4-A165-4A7C-8041-6A99E54F0B98}.BuildAll|Any CPU.Build.0 = Debug|Any CPU
		{DCD4CBE4-A165-4A7C-8041-6A99E54F0B98}.BuildAll|Mixed Platforms.ActiveCfg = Debug|Any CPU
		{DCD4CBE4-A165-4A7C-8041-6A99E54F0B98}.BuildAll|Mixed Platforms.Build.0 = Debug|Any CPU
		{DCD4CBE4-A165-4A7C-8041-6A99E54F0B98}.BuildAll|x86.ActiveCfg = Debug|Any CPU
		{DCD4CBE4-A165-4A7C-8041-6A99E54F0B98}.BuildAll|x86.Build.0 = Debug|Any CPU
		{DCD4CBE4-A165-4A7C-8041-6A99E54F0B98}.Debug|Any CPU.ActiveCfg = Debug|Any CPU
		{DCD4CBE4-A165-4A7C-8041-6A99E54F0B98}.Debug|Any CPU.Build.0 = Debug|Any CPU
		{DCD4CBE4-A165-4A7C-8041-6A99E54F0B98}.Debug|Mixed Platforms.ActiveCfg = Debug|Any CPU
		{DCD4CBE4-A165-4A7C-8041-6A99E54F0B98}.Debug|Mixed Platforms.Build.0 = Debug|Any CPU
		{DCD4CBE4-A165-4A7C-8041-6A99E54F0B98}.Debug|x86.ActiveCfg = Debug|Any CPU
		{DCD4CBE4-A165-4A7C-8041-6A99E54F0B98}.Debug|x86.Build.0 = Debug|Any CPU
		{DCD4CBE4-A165-4A7C-8041-6A99E54F0B98}.Release|Any CPU.ActiveCfg = Release|Any CPU
		{DCD4CBE4-A165-4A7C-8041-6A99E54F0B98}.Release|Any CPU.Build.0 = Release|Any CPU
		{DCD4CBE4-A165-4A7C-8041-6A99E54F0B98}.Release|Mixed Platforms.ActiveCfg = Release|Any CPU
		{DCD4CBE4-A165-4A7C-8041-6A99E54F0B98}.Release|Mixed Platforms.Build.0 = Release|Any CPU
		{DCD4CBE4-A165-4A7C-8041-6A99E54F0B98}.Release|x86.ActiveCfg = Release|Any CPU
		{DCD4CBE4-A165-4A7C-8041-6A99E54F0B98}.Release|x86.Build.0 = Release|Any CPU
		{55B34EC9-E4B5-4884-B259-C4F78B3FFEB7}.BuildAll|Any CPU.ActiveCfg = Debug|Any CPU
		{55B34EC9-E4B5-4884-B259-C4F78B3FFEB7}.BuildAll|Any CPU.Build.0 = Debug|Any CPU
		{55B34EC9-E4B5-4884-B259-C4F78B3FFEB7}.BuildAll|Mixed Platforms.ActiveCfg = Debug|Any CPU
		{55B34EC9-E4B5-4884-B259-C4F78B3FFEB7}.BuildAll|Mixed Platforms.Build.0 = Debug|Any CPU
		{55B34EC9-E4B5-4884-B259-C4F78B3FFEB7}.BuildAll|x86.ActiveCfg = Debug|Any CPU
		{55B34EC9-E4B5-4884-B259-C4F78B3FFEB7}.BuildAll|x86.Build.0 = Debug|Any CPU
		{55B34EC9-E4B5-4884-B259-C4F78B3FFEB7}.Debug|Any CPU.ActiveCfg = Debug|Any CPU
		{55B34EC9-E4B5-4884-B259-C4F78B3FFEB7}.Debug|Any CPU.Build.0 = Debug|Any CPU
		{55B34EC9-E4B5-4884-B259-C4F78B3FFEB7}.Debug|Mixed Platforms.ActiveCfg = Debug|Any CPU
		{55B34EC9-E4B5-4884-B259-C4F78B3FFEB7}.Debug|Mixed Platforms.Build.0 = Debug|Any CPU
		{55B34EC9-E4B5-4884-B259-C4F78B3FFEB7}.Debug|x86.ActiveCfg = Debug|Any CPU
		{55B34EC9-E4B5-4884-B259-C4F78B3FFEB7}.Debug|x86.Build.0 = Debug|Any CPU
		{55B34EC9-E4B5-4884-B259-C4F78B3FFEB7}.Release|Any CPU.ActiveCfg = Release|Any CPU
		{55B34EC9-E4B5-4884-B259-C4F78B3FFEB7}.Release|Any CPU.Build.0 = Release|Any CPU
		{55B34EC9-E4B5-4884-B259-C4F78B3FFEB7}.Release|Mixed Platforms.ActiveCfg = Release|Any CPU
		{55B34EC9-E4B5-4884-B259-C4F78B3FFEB7}.Release|Mixed Platforms.Build.0 = Release|Any CPU
		{55B34EC9-E4B5-4884-B259-C4F78B3FFEB7}.Release|x86.ActiveCfg = Release|Any CPU
		{55B34EC9-E4B5-4884-B259-C4F78B3FFEB7}.Release|x86.Build.0 = Release|Any CPU
		{6D2DAA49-3908-4522-873A-2392329DED77}.BuildAll|Any CPU.ActiveCfg = Debug|Any CPU
		{6D2DAA49-3908-4522-873A-2392329DED77}.BuildAll|Any CPU.Build.0 = Debug|Any CPU
		{6D2DAA49-3908-4522-873A-2392329DED77}.BuildAll|Mixed Platforms.ActiveCfg = Debug|Any CPU
		{6D2DAA49-3908-4522-873A-2392329DED77}.BuildAll|Mixed Platforms.Build.0 = Debug|Any CPU
		{6D2DAA49-3908-4522-873A-2392329DED77}.BuildAll|x86.ActiveCfg = Debug|Any CPU
		{6D2DAA49-3908-4522-873A-2392329DED77}.BuildAll|x86.Build.0 = Debug|Any CPU
		{6D2DAA49-3908-4522-873A-2392329DED77}.Debug|Any CPU.ActiveCfg = Debug|Any CPU
		{6D2DAA49-3908-4522-873A-2392329DED77}.Debug|Any CPU.Build.0 = Debug|Any CPU
		{6D2DAA49-3908-4522-873A-2392329DED77}.Debug|Mixed Platforms.ActiveCfg = Debug|Any CPU
		{6D2DAA49-3908-4522-873A-2392329DED77}.Debug|Mixed Platforms.Build.0 = Debug|Any CPU
		{6D2DAA49-3908-4522-873A-2392329DED77}.Debug|x86.ActiveCfg = Debug|Any CPU
		{6D2DAA49-3908-4522-873A-2392329DED77}.Debug|x86.Build.0 = Debug|Any CPU
		{6D2DAA49-3908-4522-873A-2392329DED77}.Release|Any CPU.ActiveCfg = Release|Any CPU
		{6D2DAA49-3908-4522-873A-2392329DED77}.Release|Any CPU.Build.0 = Release|Any CPU
		{6D2DAA49-3908-4522-873A-2392329DED77}.Release|Mixed Platforms.ActiveCfg = Release|Any CPU
		{6D2DAA49-3908-4522-873A-2392329DED77}.Release|Mixed Platforms.Build.0 = Release|Any CPU
		{6D2DAA49-3908-4522-873A-2392329DED77}.Release|x86.ActiveCfg = Release|Any CPU
		{6D2DAA49-3908-4522-873A-2392329DED77}.Release|x86.Build.0 = Release|Any CPU
		{310458BE-483B-4D3B-BE0E-4E11F9AED83C}.BuildAll|Any CPU.ActiveCfg = Debug|Any CPU
		{310458BE-483B-4D3B-BE0E-4E11F9AED83C}.BuildAll|Any CPU.Build.0 = Debug|Any CPU
		{310458BE-483B-4D3B-BE0E-4E11F9AED83C}.BuildAll|Mixed Platforms.ActiveCfg = Debug|Any CPU
		{310458BE-483B-4D3B-BE0E-4E11F9AED83C}.BuildAll|Mixed Platforms.Build.0 = Debug|Any CPU
		{310458BE-483B-4D3B-BE0E-4E11F9AED83C}.BuildAll|x86.ActiveCfg = Debug|Any CPU
		{310458BE-483B-4D3B-BE0E-4E11F9AED83C}.BuildAll|x86.Build.0 = Debug|Any CPU
		{310458BE-483B-4D3B-BE0E-4E11F9AED83C}.Debug|Any CPU.ActiveCfg = Debug|Any CPU
		{310458BE-483B-4D3B-BE0E-4E11F9AED83C}.Debug|Any CPU.Build.0 = Debug|Any CPU
		{310458BE-483B-4D3B-BE0E-4E11F9AED83C}.Debug|Mixed Platforms.ActiveCfg = Debug|Any CPU
		{310458BE-483B-4D3B-BE0E-4E11F9AED83C}.Debug|Mixed Platforms.Build.0 = Debug|Any CPU
		{310458BE-483B-4D3B-BE0E-4E11F9AED83C}.Debug|x86.ActiveCfg = Debug|Any CPU
		{310458BE-483B-4D3B-BE0E-4E11F9AED83C}.Debug|x86.Build.0 = Debug|Any CPU
		{310458BE-483B-4D3B-BE0E-4E11F9AED83C}.Release|Any CPU.ActiveCfg = Release|Any CPU
		{310458BE-483B-4D3B-BE0E-4E11F9AED83C}.Release|Any CPU.Build.0 = Release|Any CPU
		{310458BE-483B-4D3B-BE0E-4E11F9AED83C}.Release|Mixed Platforms.ActiveCfg = Release|Any CPU
		{310458BE-483B-4D3B-BE0E-4E11F9AED83C}.Release|Mixed Platforms.Build.0 = Release|Any CPU
		{310458BE-483B-4D3B-BE0E-4E11F9AED83C}.Release|x86.ActiveCfg = Release|Any CPU
		{310458BE-483B-4D3B-BE0E-4E11F9AED83C}.Release|x86.Build.0 = Release|Any CPU
		{66A8AD26-8C2D-4E80-8879-1FB69FA8E0E0}.BuildAll|Any CPU.ActiveCfg = Debug|Any CPU
		{66A8AD26-8C2D-4E80-8879-1FB69FA8E0E0}.BuildAll|Any CPU.Build.0 = Debug|Any CPU
		{66A8AD26-8C2D-4E80-8879-1FB69FA8E0E0}.BuildAll|Mixed Platforms.ActiveCfg = Debug|Any CPU
		{66A8AD26-8C2D-4E80-8879-1FB69FA8E0E0}.BuildAll|Mixed Platforms.Build.0 = Debug|Any CPU
		{66A8AD26-8C2D-4E80-8879-1FB69FA8E0E0}.BuildAll|x86.ActiveCfg = Debug|Any CPU
		{66A8AD26-8C2D-4E80-8879-1FB69FA8E0E0}.BuildAll|x86.Build.0 = Debug|Any CPU
		{66A8AD26-8C2D-4E80-8879-1FB69FA8E0E0}.Debug|Any CPU.ActiveCfg = Debug|Any CPU
		{66A8AD26-8C2D-4E80-8879-1FB69FA8E0E0}.Debug|Any CPU.Build.0 = Debug|Any CPU
		{66A8AD26-8C2D-4E80-8879-1FB69FA8E0E0}.Debug|Mixed Platforms.ActiveCfg = Debug|Any CPU
		{66A8AD26-8C2D-4E80-8879-1FB69FA8E0E0}.Debug|Mixed Platforms.Build.0 = Debug|Any CPU
		{66A8AD26-8C2D-4E80-8879-1FB69FA8E0E0}.Debug|x86.ActiveCfg = Debug|Any CPU
		{66A8AD26-8C2D-4E80-8879-1FB69FA8E0E0}.Debug|x86.Build.0 = Debug|Any CPU
		{66A8AD26-8C2D-4E80-8879-1FB69FA8E0E0}.Release|Any CPU.ActiveCfg = Release|Any CPU
		{66A8AD26-8C2D-4E80-8879-1FB69FA8E0E0}.Release|Any CPU.Build.0 = Release|Any CPU
		{66A8AD26-8C2D-4E80-8879-1FB69FA8E0E0}.Release|Mixed Platforms.ActiveCfg = Release|Any CPU
		{66A8AD26-8C2D-4E80-8879-1FB69FA8E0E0}.Release|Mixed Platforms.Build.0 = Release|Any CPU
		{66A8AD26-8C2D-4E80-8879-1FB69FA8E0E0}.Release|x86.ActiveCfg = Release|Any CPU
		{66A8AD26-8C2D-4E80-8879-1FB69FA8E0E0}.Release|x86.Build.0 = Release|Any CPU
		{8C1FA186-11EE-4950-BBC3-67B3EA912A8E}.BuildAll|Any CPU.ActiveCfg = Debug|Any CPU
		{8C1FA186-11EE-4950-BBC3-67B3EA912A8E}.BuildAll|Any CPU.Build.0 = Debug|Any CPU
		{8C1FA186-11EE-4950-BBC3-67B3EA912A8E}.BuildAll|Mixed Platforms.ActiveCfg = Debug|Any CPU
		{8C1FA186-11EE-4950-BBC3-67B3EA912A8E}.BuildAll|Mixed Platforms.Build.0 = Debug|Any CPU
		{8C1FA186-11EE-4950-BBC3-67B3EA912A8E}.BuildAll|x86.ActiveCfg = Debug|Any CPU
		{8C1FA186-11EE-4950-BBC3-67B3EA912A8E}.BuildAll|x86.Build.0 = Debug|Any CPU
		{8C1FA186-11EE-4950-BBC3-67B3EA912A8E}.Debug|Any CPU.ActiveCfg = Debug|Any CPU
		{8C1FA186-11EE-4950-BBC3-67B3EA912A8E}.Debug|Any CPU.Build.0 = Debug|Any CPU
		{8C1FA186-11EE-4950-BBC3-67B3EA912A8E}.Debug|Mixed Platforms.ActiveCfg = Debug|Any CPU
		{8C1FA186-11EE-4950-BBC3-67B3EA912A8E}.Debug|Mixed Platforms.Build.0 = Debug|Any CPU
		{8C1FA186-11EE-4950-BBC3-67B3EA912A8E}.Debug|x86.ActiveCfg = Debug|Any CPU
		{8C1FA186-11EE-4950-BBC3-67B3EA912A8E}.Debug|x86.Build.0 = Debug|Any CPU
		{8C1FA186-11EE-4950-BBC3-67B3EA912A8E}.Release|Any CPU.ActiveCfg = Release|Any CPU
		{8C1FA186-11EE-4950-BBC3-67B3EA912A8E}.Release|Any CPU.Build.0 = Release|Any CPU
		{8C1FA186-11EE-4950-BBC3-67B3EA912A8E}.Release|Mixed Platforms.ActiveCfg = Release|Any CPU
		{8C1FA186-11EE-4950-BBC3-67B3EA912A8E}.Release|Mixed Platforms.Build.0 = Release|Any CPU
		{8C1FA186-11EE-4950-BBC3-67B3EA912A8E}.Release|x86.ActiveCfg = Release|Any CPU
		{8C1FA186-11EE-4950-BBC3-67B3EA912A8E}.Release|x86.Build.0 = Release|Any CPU
		{1DC76DD7-6286-4313-B83D-3ED0847CDA23}.BuildAll|Any CPU.ActiveCfg = Debug|Any CPU
		{1DC76DD7-6286-4313-B83D-3ED0847CDA23}.BuildAll|Any CPU.Build.0 = Debug|Any CPU
		{1DC76DD7-6286-4313-B83D-3ED0847CDA23}.BuildAll|Mixed Platforms.ActiveCfg = Debug|Any CPU
		{1DC76DD7-6286-4313-B83D-3ED0847CDA23}.BuildAll|Mixed Platforms.Build.0 = Debug|Any CPU
		{1DC76DD7-6286-4313-B83D-3ED0847CDA23}.BuildAll|x86.ActiveCfg = Debug|Any CPU
		{1DC76DD7-6286-4313-B83D-3ED0847CDA23}.BuildAll|x86.Build.0 = Debug|Any CPU
		{1DC76DD7-6286-4313-B83D-3ED0847CDA23}.Debug|Any CPU.ActiveCfg = Debug|Any CPU
		{1DC76DD7-6286-4313-B83D-3ED0847CDA23}.Debug|Any CPU.Build.0 = Debug|Any CPU
		{1DC76DD7-6286-4313-B83D-3ED0847CDA23}.Debug|Mixed Platforms.ActiveCfg = Debug|Any CPU
		{1DC76DD7-6286-4313-B83D-3ED0847CDA23}.Debug|Mixed Platforms.Build.0 = Debug|Any CPU
		{1DC76DD7-6286-4313-B83D-3ED0847CDA23}.Debug|x86.ActiveCfg = Debug|Any CPU
		{1DC76DD7-6286-4313-B83D-3ED0847CDA23}.Debug|x86.Build.0 = Debug|Any CPU
		{1DC76DD7-6286-4313-B83D-3ED0847CDA23}.Release|Any CPU.ActiveCfg = Release|Any CPU
		{1DC76DD7-6286-4313-B83D-3ED0847CDA23}.Release|Any CPU.Build.0 = Release|Any CPU
		{1DC76DD7-6286-4313-B83D-3ED0847CDA23}.Release|Mixed Platforms.ActiveCfg = Release|Any CPU
		{1DC76DD7-6286-4313-B83D-3ED0847CDA23}.Release|Mixed Platforms.Build.0 = Release|Any CPU
		{1DC76DD7-6286-4313-B83D-3ED0847CDA23}.Release|x86.ActiveCfg = Release|Any CPU
		{1DC76DD7-6286-4313-B83D-3ED0847CDA23}.Release|x86.Build.0 = Release|Any CPU
	EndGlobalSection
	GlobalSection(SolutionProperties) = preSolution
		HideSolutionNode = FALSE
	EndGlobalSection
	GlobalSection(NestedProjects) = preSolution
		{CF41EFB7-952F-4956-8466-502BF9FA5D13} = {1F67A1CE-1794-4F80-BC25-BA6566D84C8D}
		{A6D3AA09-7DFC-490D-9025-08FC4BE27ABB} = {8175B50E-0B1F-47A9-8E2D-DC841333893C}
		{4E08E400-F07E-4C8D-BDA4-460E1225AE05} = {8175B50E-0B1F-47A9-8E2D-DC841333893C}
		{EF3BCD9E-7A0D-4224-B58C-78BA0F43FB0A} = {8175B50E-0B1F-47A9-8E2D-DC841333893C}
		{CB27D940-0FBE-48C8-9725-5619DE30FB5B} = {8175B50E-0B1F-47A9-8E2D-DC841333893C}
		{2D0F6A28-C6BF-40FC-8E14-F28C681E5E39} = {8175B50E-0B1F-47A9-8E2D-DC841333893C}
		{181B6054-EE36-49ED-A553-40470C78F737} = {8175B50E-0B1F-47A9-8E2D-DC841333893C}
		{D73D0F2A-52DB-4784-A41E-E218076791F7} = {8175B50E-0B1F-47A9-8E2D-DC841333893C}
		{87A9C0CC-4BD3-4EFE-A020-2E6A46835E91} = {8175B50E-0B1F-47A9-8E2D-DC841333893C}
		{642D5163-D220-48F9-91F5-97D2150FAE3A} = {8175B50E-0B1F-47A9-8E2D-DC841333893C}
		{550196DA-FC77-4ABC-899C-8A548F58EADA} = {8175B50E-0B1F-47A9-8E2D-DC841333893C}
		{469DF27B-F10E-43FA-B166-FAB252CDC886} = {C9EE35DC-42B3-406C-9936-F8140B2BD623}
		{E4AB3EC9-FC32-42C9-8741-C1D44F9B802E} = {C9EE35DC-42B3-406C-9936-F8140B2BD623}
		{5329DD13-1DF1-4019-A71B-4059190BCF56} = {C9EE35DC-42B3-406C-9936-F8140B2BD623}
		{4563187E-74A0-4619-A187-EFC30E7BFC15} = {C9EE35DC-42B3-406C-9936-F8140B2BD623}
		{DFE9E9BB-00AA-425A-A5BF-FC0F96E071F8} = {EAD0646B-BD7E-4CF3-AA62-0D4F51DAEC1F}
		{6C1EEB5D-9401-4739-AF4D-CC832AE899BD} = {EAD0646B-BD7E-4CF3-AA62-0D4F51DAEC1F}
		{790A1418-9E3B-46C3-BA02-4A75D13BF5B2} = {AA97E6CB-3BE4-4609-B83E-4BED8CC1BFD6}
		{20DD6B46-F40B-4B06-8B8B-0362F44FD177} = {AA97E6CB-3BE4-4609-B83E-4BED8CC1BFD6}
		{6394830F-1496-4F7F-9BB3-C8582E853AF2} = {4F634171-8F36-4C4D-85C4-78F400B9F5AB}
		{DCD4CBE4-A165-4A7C-8041-6A99E54F0B98} = {4F634171-8F36-4C4D-85C4-78F400B9F5AB}
		{55B34EC9-E4B5-4884-B259-C4F78B3FFEB7} = {4F634171-8F36-4C4D-85C4-78F400B9F5AB}
		{6D2DAA49-3908-4522-873A-2392329DED77} = {4F634171-8F36-4C4D-85C4-78F400B9F5AB}
		{310458BE-483B-4D3B-BE0E-4E11F9AED83C} = {4F634171-8F36-4C4D-85C4-78F400B9F5AB}
		{66A8AD26-8C2D-4E80-8879-1FB69FA8E0E0} = {EB0DB2BA-CBEC-41B8-9567-EB44C696B280}
		{8C1FA186-11EE-4950-BBC3-67B3EA912A8E} = {EB0DB2BA-CBEC-41B8-9567-EB44C696B280}
		{1DC76DD7-6286-4313-B83D-3ED0847CDA23} = {EAD0646B-BD7E-4CF3-AA62-0D4F51DAEC1F}
	EndGlobalSection
	GlobalSection(ExtensibilityGlobals) = postSolution
		SolutionGuid = {AA7BB33B-BD1F-48C6-A40B-0443123B6D7F}
	EndGlobalSection
EndGlobal
